// !$*UTF8*$!
{
	archiveVersion = 1;
	classes = {
	};
	objectVersion = 50;
	objects = {

/* Begin PBXBuildFile section */
		DE3300EE218E780400B22FCB /* ElastosWallet.swift in Headers */ = {isa = PBXBuildFile; fileRef = DEDB2486218DF5F200F07F42 /* ElastosWallet.swift */; settings = {ATTRIBUTES = (Public, ); }; };
		DE33102C22409A03009C412D /* libsqlite3.tbd in Frameworks */ = {isa = PBXBuildFile; fileRef = DE33102B22409A03009C412D /* libsqlite3.tbd */; };
		DE34BF182245CADC00C7B7AE /* WalletBase.swift in Sources */ = {isa = PBXBuildFile; fileRef = DE34BF172245CADC00C7B7AE /* WalletBase.swift */; };
		DE34BF1A2245CC5200C7B7AE /* BlockChainNode.swift in Sources */ = {isa = PBXBuildFile; fileRef = DE34BF192245CC5200C7B7AE /* BlockChainNode.swift */; };
		DE34BF1F2245D02100C7B7AE /* AbsLayerBlockChainNode.cpp in Sources */ = {isa = PBXBuildFile; fileRef = DE34BF1D2245D02100C7B7AE /* AbsLayerBlockChainNode.cpp */; };
		DE34BF202245D02100C7B7AE /* AbsLayerBlockChainNode.hpp in Headers */ = {isa = PBXBuildFile; fileRef = DE34BF1E2245D02100C7B7AE /* AbsLayerBlockChainNode.hpp */; };
		DE34BF222245D5D100C7B7AE /* AbsLayerBlockChainNode.swift in Sources */ = {isa = PBXBuildFile; fileRef = DE34BF212245D5D100C7B7AE /* AbsLayerBlockChainNode.swift */; };
		DE34BF242245DFB700C7B7AE /* IdentityManager.swift in Sources */ = {isa = PBXBuildFile; fileRef = DE34BF232245DFB700C7B7AE /* IdentityManager.swift */; };
		DE34BF262245DFC600C7B7AE /* AbsLayerIdentityManager.swift in Sources */ = {isa = PBXBuildFile; fileRef = DE34BF252245DFC600C7B7AE /* AbsLayerIdentityManager.swift */; };
		DE34BF292245DFD500C7B7AE /* AbsLayerIdentityManager.cpp in Sources */ = {isa = PBXBuildFile; fileRef = DE34BF272245DFD500C7B7AE /* AbsLayerIdentityManager.cpp */; };
		DE34BF2A2245DFD500C7B7AE /* AbsLayerIdentityManager.hpp in Headers */ = {isa = PBXBuildFile; fileRef = DE34BF282245DFD500C7B7AE /* AbsLayerIdentityManager.hpp */; };
		DE34BF2C2245E08800C7B7AE /* Identity.swift in Sources */ = {isa = PBXBuildFile; fileRef = DE34BF2B2245E08800C7B7AE /* Identity.swift */; };
		DE34BF2E2245E0A500C7B7AE /* AbsLayerIdentity.swift in Sources */ = {isa = PBXBuildFile; fileRef = DE34BF2D2245E0A500C7B7AE /* AbsLayerIdentity.swift */; };
		DE34BF312245E0B100C7B7AE /* AbsLayerIdentity.cpp in Sources */ = {isa = PBXBuildFile; fileRef = DE34BF2F2245E0B100C7B7AE /* AbsLayerIdentity.cpp */; };
		DE34BF322245E0B100C7B7AE /* AbsLayerIdentity.hpp in Headers */ = {isa = PBXBuildFile; fileRef = DE34BF302245E0B100C7B7AE /* AbsLayerIdentity.hpp */; };
		DE34BF342245F74200C7B7AE /* AbsLayerHDWallet.swift in Sources */ = {isa = PBXBuildFile; fileRef = DE34BF332245F74200C7B7AE /* AbsLayerHDWallet.swift */; };
		DE34BF372245F75500C7B7AE /* AbsLayerHDWallet.cpp in Sources */ = {isa = PBXBuildFile; fileRef = DE34BF352245F75500C7B7AE /* AbsLayerHDWallet.cpp */; };
		DE34BF382245F75500C7B7AE /* AbsLayerHDWallet.hpp in Headers */ = {isa = PBXBuildFile; fileRef = DE34BF362245F75500C7B7AE /* AbsLayerHDWallet.hpp */; };
		DE34BF3A2245F77400C7B7AE /* HDWallet.swift in Sources */ = {isa = PBXBuildFile; fileRef = DE34BF392245F77400C7B7AE /* HDWallet.swift */; };
		DE34BF3C224611F800C7B7AE /* Transaction.swift in Sources */ = {isa = PBXBuildFile; fileRef = DE34BF3B224611F800C7B7AE /* Transaction.swift */; };
		DE34BF3E2246120700C7B7AE /* AbsLayerTransaction.swift in Sources */ = {isa = PBXBuildFile; fileRef = DE34BF3D2246120700C7B7AE /* AbsLayerTransaction.swift */; };
		DE34BF412246121300C7B7AE /* AbsLayerTransaction.cpp in Sources */ = {isa = PBXBuildFile; fileRef = DE34BF3F2246121300C7B7AE /* AbsLayerTransaction.cpp */; };
		DE34BF422246121300C7B7AE /* AbsLayerTransaction.hpp in Headers */ = {isa = PBXBuildFile; fileRef = DE34BF402246121300C7B7AE /* AbsLayerTransaction.hpp */; };
		DE34BF4422461A5200C7B7AE /* Did.swift in Sources */ = {isa = PBXBuildFile; fileRef = DE34BF4322461A5200C7B7AE /* Did.swift */; };
		DE34BF4722461AA200C7B7AE /* AbsLayerDid.cpp in Sources */ = {isa = PBXBuildFile; fileRef = DE34BF4522461AA200C7B7AE /* AbsLayerDid.cpp */; };
		DE34BF4822461AA200C7B7AE /* AbsLayerDid.hpp in Headers */ = {isa = PBXBuildFile; fileRef = DE34BF4622461AA200C7B7AE /* AbsLayerDid.hpp */; };
		DE34BF4A22461AAF00C7B7AE /* AbsLayerDid.swift in Sources */ = {isa = PBXBuildFile; fileRef = DE34BF4922461AAF00C7B7AE /* AbsLayerDid.swift */; };
		DE34BF4C22461FD000C7B7AE /* DidManager.swift in Sources */ = {isa = PBXBuildFile; fileRef = DE34BF4B22461FD000C7B7AE /* DidManager.swift */; };
		DE34BF4F22461FE300C7B7AE /* AbsLayerDidManager.cpp in Sources */ = {isa = PBXBuildFile; fileRef = DE34BF4D22461FE300C7B7AE /* AbsLayerDidManager.cpp */; };
		DE34BF5022461FE300C7B7AE /* AbsLayerDidManager.hpp in Headers */ = {isa = PBXBuildFile; fileRef = DE34BF4E22461FE300C7B7AE /* AbsLayerDidManager.hpp */; };
		DE34BF5222461FF000C7B7AE /* AbsLayerDidManager.swift in Sources */ = {isa = PBXBuildFile; fileRef = DE34BF5122461FF000C7B7AE /* AbsLayerDidManager.swift */; };
		DE38CF6821F5BD1700639F6B /* Elastos.SDK.Wallet.C.framework in Frameworks */ = {isa = PBXBuildFile; fileRef = DE38CF6721F5BD1700639F6B /* Elastos.SDK.Wallet.C.framework */; };
		DE52CF0621915A9C002C2177 /* ElastosSdkWallet.framework in Frameworks */ = {isa = PBXBuildFile; fileRef = DED5255D218DF4C800619F59 /* ElastosSdkWallet.framework */; };
		DE52CF0721915A9C002C2177 /* ElastosSdkWallet.framework in Embed Frameworks */ = {isa = PBXBuildFile; fileRef = DED5255D218DF4C800619F59 /* ElastosSdkWallet.framework */; settings = {ATTRIBUTES = (CodeSignOnCopy, RemoveHeadersOnCopy, ); }; };
		DE9BBB7F223B4F92003D77CE /* libz.tbd in Frameworks */ = {isa = PBXBuildFile; fileRef = DE9BBB7E223B4F92003D77CE /* libz.tbd */; };
		DED323E321D5E8D000A24E15 /* AbstractLayer.cpp in Sources */ = {isa = PBXBuildFile; fileRef = DED323E121D5E8D000A24E15 /* AbstractLayer.cpp */; };
		DED323E421D5E8D000A24E15 /* AbstractLayer.hpp in Headers */ = {isa = PBXBuildFile; fileRef = DED323E221D5E8D000A24E15 /* AbstractLayer.hpp */; settings = {ATTRIBUTES = (Private, ); }; };
		DED323E621D5E94300A24E15 /* AbstractLayer.swift in Sources */ = {isa = PBXBuildFile; fileRef = DED323E521D5E94300A24E15 /* AbstractLayer.swift */; };
		DED52562218DF4C800619F59 /* Elastos.SDK.Wallet.h in Headers */ = {isa = PBXBuildFile; fileRef = DED52560218DF4C800619F59 /* Elastos.SDK.Wallet.h */; settings = {ATTRIBUTES = (Private, ); }; };
		DEDB2488218DF5F300F07F42 /* StringExtension.swift in Sources */ = {isa = PBXBuildFile; fileRef = DEDB2485218DF5F200F07F42 /* StringExtension.swift */; };
		DEDB2489218DF5F300F07F42 /* ElastosWallet.swift in Sources */ = {isa = PBXBuildFile; fileRef = DEDB2486218DF5F200F07F42 /* ElastosWallet.swift */; };
		DEDB2496218DF71C00F07F42 /* AppDelegate.swift in Sources */ = {isa = PBXBuildFile; fileRef = DEDB2495218DF71C00F07F42 /* AppDelegate.swift */; };
		DEDB2498218DF71C00F07F42 /* ViewController.swift in Sources */ = {isa = PBXBuildFile; fileRef = DEDB2497218DF71C00F07F42 /* ViewController.swift */; };
		DEDB249B218DF71C00F07F42 /* Main.storyboard in Resources */ = {isa = PBXBuildFile; fileRef = DEDB2499218DF71C00F07F42 /* Main.storyboard */; };
		DEDB249D218DF71D00F07F42 /* Assets.xcassets in Resources */ = {isa = PBXBuildFile; fileRef = DEDB249C218DF71D00F07F42 /* Assets.xcassets */; };
		DEDB24A0218DF71D00F07F42 /* LaunchScreen.storyboard in Resources */ = {isa = PBXBuildFile; fileRef = DEDB249E218DF71D00F07F42 /* LaunchScreen.storyboard */; };
		DEDF9287224882D80075295F /* bip39words_zh.txt in Resources */ = {isa = PBXBuildFile; fileRef = DEDF9286224882D80075295F /* bip39words_zh.txt */; };
/* End PBXBuildFile section */

/* Begin PBXContainerItemProxy section */
		DE52CF0821915A9C002C2177 /* PBXContainerItemProxy */ = {
			isa = PBXContainerItemProxy;
			containerPortal = DED52554218DF4C800619F59 /* Project object */;
			proxyType = 1;
			remoteGlobalIDString = DED5255C218DF4C800619F59;
			remoteInfo = Elastos.SDK.Wallet;
		};
/* End PBXContainerItemProxy section */

/* Begin PBXCopyFilesBuildPhase section */
		DE52CF0A21915A9C002C2177 /* Embed Frameworks */ = {
			isa = PBXCopyFilesBuildPhase;
			buildActionMask = 2147483647;
			dstPath = "";
			dstSubfolderSpec = 10;
			files = (
				DE52CF0721915A9C002C2177 /* ElastosSdkWallet.framework in Embed Frameworks */,
			);
			name = "Embed Frameworks";
			runOnlyForDeploymentPostprocessing = 0;
		};
/* End PBXCopyFilesBuildPhase section */

/* Begin PBXFileReference section */
		DE33102B22409A03009C412D /* libsqlite3.tbd */ = {isa = PBXFileReference; lastKnownFileType = "sourcecode.text-based-dylib-definition"; name = libsqlite3.tbd; path = usr/lib/libsqlite3.tbd; sourceTree = SDKROOT; };
		DE34BF172245CADC00C7B7AE /* WalletBase.swift */ = {isa = PBXFileReference; lastKnownFileType = sourcecode.swift; path = WalletBase.swift; sourceTree = "<group>"; };
		DE34BF192245CC5200C7B7AE /* BlockChainNode.swift */ = {isa = PBXFileReference; lastKnownFileType = sourcecode.swift; path = BlockChainNode.swift; sourceTree = "<group>"; };
		DE34BF1D2245D02100C7B7AE /* AbsLayerBlockChainNode.cpp */ = {isa = PBXFileReference; lastKnownFileType = sourcecode.cpp.cpp; path = AbsLayerBlockChainNode.cpp; sourceTree = "<group>"; };
		DE34BF1E2245D02100C7B7AE /* AbsLayerBlockChainNode.hpp */ = {isa = PBXFileReference; lastKnownFileType = sourcecode.cpp.h; path = AbsLayerBlockChainNode.hpp; sourceTree = "<group>"; };
		DE34BF212245D5D100C7B7AE /* AbsLayerBlockChainNode.swift */ = {isa = PBXFileReference; lastKnownFileType = sourcecode.swift; path = AbsLayerBlockChainNode.swift; sourceTree = "<group>"; };
		DE34BF232245DFB700C7B7AE /* IdentityManager.swift */ = {isa = PBXFileReference; lastKnownFileType = sourcecode.swift; path = IdentityManager.swift; sourceTree = "<group>"; };
		DE34BF252245DFC600C7B7AE /* AbsLayerIdentityManager.swift */ = {isa = PBXFileReference; lastKnownFileType = sourcecode.swift; path = AbsLayerIdentityManager.swift; sourceTree = "<group>"; };
		DE34BF272245DFD500C7B7AE /* AbsLayerIdentityManager.cpp */ = {isa = PBXFileReference; lastKnownFileType = sourcecode.cpp.cpp; path = AbsLayerIdentityManager.cpp; sourceTree = "<group>"; };
		DE34BF282245DFD500C7B7AE /* AbsLayerIdentityManager.hpp */ = {isa = PBXFileReference; lastKnownFileType = sourcecode.cpp.h; path = AbsLayerIdentityManager.hpp; sourceTree = "<group>"; };
		DE34BF2B2245E08800C7B7AE /* Identity.swift */ = {isa = PBXFileReference; lastKnownFileType = sourcecode.swift; path = Identity.swift; sourceTree = "<group>"; };
		DE34BF2D2245E0A500C7B7AE /* AbsLayerIdentity.swift */ = {isa = PBXFileReference; lastKnownFileType = sourcecode.swift; path = AbsLayerIdentity.swift; sourceTree = "<group>"; };
		DE34BF2F2245E0B100C7B7AE /* AbsLayerIdentity.cpp */ = {isa = PBXFileReference; lastKnownFileType = sourcecode.cpp.cpp; path = AbsLayerIdentity.cpp; sourceTree = "<group>"; };
		DE34BF302245E0B100C7B7AE /* AbsLayerIdentity.hpp */ = {isa = PBXFileReference; lastKnownFileType = sourcecode.cpp.h; path = AbsLayerIdentity.hpp; sourceTree = "<group>"; };
		DE34BF332245F74200C7B7AE /* AbsLayerHDWallet.swift */ = {isa = PBXFileReference; lastKnownFileType = sourcecode.swift; path = AbsLayerHDWallet.swift; sourceTree = "<group>"; };
		DE34BF352245F75500C7B7AE /* AbsLayerHDWallet.cpp */ = {isa = PBXFileReference; lastKnownFileType = sourcecode.cpp.cpp; path = AbsLayerHDWallet.cpp; sourceTree = "<group>"; };
		DE34BF362245F75500C7B7AE /* AbsLayerHDWallet.hpp */ = {isa = PBXFileReference; lastKnownFileType = sourcecode.cpp.h; path = AbsLayerHDWallet.hpp; sourceTree = "<group>"; };
		DE34BF392245F77400C7B7AE /* HDWallet.swift */ = {isa = PBXFileReference; lastKnownFileType = sourcecode.swift; path = HDWallet.swift; sourceTree = "<group>"; };
		DE34BF3B224611F800C7B7AE /* Transaction.swift */ = {isa = PBXFileReference; lastKnownFileType = sourcecode.swift; path = Transaction.swift; sourceTree = "<group>"; };
		DE34BF3D2246120700C7B7AE /* AbsLayerTransaction.swift */ = {isa = PBXFileReference; lastKnownFileType = sourcecode.swift; path = AbsLayerTransaction.swift; sourceTree = "<group>"; };
		DE34BF3F2246121300C7B7AE /* AbsLayerTransaction.cpp */ = {isa = PBXFileReference; lastKnownFileType = sourcecode.cpp.cpp; path = AbsLayerTransaction.cpp; sourceTree = "<group>"; };
		DE34BF402246121300C7B7AE /* AbsLayerTransaction.hpp */ = {isa = PBXFileReference; lastKnownFileType = sourcecode.cpp.h; path = AbsLayerTransaction.hpp; sourceTree = "<group>"; };
		DE34BF4322461A5200C7B7AE /* Did.swift */ = {isa = PBXFileReference; lastKnownFileType = sourcecode.swift; path = Did.swift; sourceTree = "<group>"; };
		DE34BF4522461AA200C7B7AE /* AbsLayerDid.cpp */ = {isa = PBXFileReference; lastKnownFileType = sourcecode.cpp.cpp; path = AbsLayerDid.cpp; sourceTree = "<group>"; };
		DE34BF4622461AA200C7B7AE /* AbsLayerDid.hpp */ = {isa = PBXFileReference; lastKnownFileType = sourcecode.cpp.h; path = AbsLayerDid.hpp; sourceTree = "<group>"; };
		DE34BF4922461AAF00C7B7AE /* AbsLayerDid.swift */ = {isa = PBXFileReference; lastKnownFileType = sourcecode.swift; path = AbsLayerDid.swift; sourceTree = "<group>"; };
		DE34BF4B22461FD000C7B7AE /* DidManager.swift */ = {isa = PBXFileReference; lastKnownFileType = sourcecode.swift; path = DidManager.swift; sourceTree = "<group>"; };
		DE34BF4D22461FE300C7B7AE /* AbsLayerDidManager.cpp */ = {isa = PBXFileReference; lastKnownFileType = sourcecode.cpp.cpp; path = AbsLayerDidManager.cpp; sourceTree = "<group>"; };
		DE34BF4E22461FE300C7B7AE /* AbsLayerDidManager.hpp */ = {isa = PBXFileReference; lastKnownFileType = sourcecode.cpp.h; path = AbsLayerDidManager.hpp; sourceTree = "<group>"; };
		DE34BF5122461FF000C7B7AE /* AbsLayerDidManager.swift */ = {isa = PBXFileReference; lastKnownFileType = sourcecode.swift; path = AbsLayerDidManager.swift; sourceTree = "<group>"; };
		DE38CF6721F5BD1700639F6B /* Elastos.SDK.Wallet.C.framework */ = {isa = PBXFileReference; lastKnownFileType = wrapper.framework; name = Elastos.SDK.Wallet.C.framework; path = frameworks/Elastos.SDK.Wallet.C.framework; sourceTree = "<group>"; };
		DE9BBB7E223B4F92003D77CE /* libz.tbd */ = {isa = PBXFileReference; lastKnownFileType = "sourcecode.text-based-dylib-definition"; name = libz.tbd; path = usr/lib/libz.tbd; sourceTree = SDKROOT; };
		DED323E121D5E8D000A24E15 /* AbstractLayer.cpp */ = {isa = PBXFileReference; lastKnownFileType = sourcecode.cpp.cpp; path = AbstractLayer.cpp; sourceTree = "<group>"; };
		DED323E221D5E8D000A24E15 /* AbstractLayer.hpp */ = {isa = PBXFileReference; lastKnownFileType = sourcecode.cpp.h; path = AbstractLayer.hpp; sourceTree = "<group>"; };
		DED323E521D5E94300A24E15 /* AbstractLayer.swift */ = {isa = PBXFileReference; lastKnownFileType = sourcecode.swift; path = AbstractLayer.swift; sourceTree = "<group>"; };
		DED5255D218DF4C800619F59 /* ElastosSdkWallet.framework */ = {isa = PBXFileReference; explicitFileType = wrapper.framework; includeInIndex = 0; path = ElastosSdkWallet.framework; sourceTree = BUILT_PRODUCTS_DIR; };
		DED52560218DF4C800619F59 /* Elastos.SDK.Wallet.h */ = {isa = PBXFileReference; lastKnownFileType = sourcecode.c.h; path = Elastos.SDK.Wallet.h; sourceTree = "<group>"; };
		DED52561218DF4C800619F59 /* Info.plist */ = {isa = PBXFileReference; lastKnownFileType = text.plist.xml; path = Info.plist; sourceTree = "<group>"; };
		DEDB2484218DF5F200F07F42 /* Elastos.SDK.Wallet-Bridging-Header.h */ = {isa = PBXFileReference; fileEncoding = 4; lastKnownFileType = sourcecode.c.h; path = "Elastos.SDK.Wallet-Bridging-Header.h"; sourceTree = "<group>"; };
		DEDB2485218DF5F200F07F42 /* StringExtension.swift */ = {isa = PBXFileReference; fileEncoding = 4; lastKnownFileType = sourcecode.swift; path = StringExtension.swift; sourceTree = "<group>"; };
		DEDB2486218DF5F200F07F42 /* ElastosWallet.swift */ = {isa = PBXFileReference; fileEncoding = 4; lastKnownFileType = sourcecode.swift; path = ElastosWallet.swift; sourceTree = "<group>"; };
		DEDB2493218DF71C00F07F42 /* test.app */ = {isa = PBXFileReference; explicitFileType = wrapper.application; includeInIndex = 0; path = test.app; sourceTree = BUILT_PRODUCTS_DIR; };
		DEDB2495218DF71C00F07F42 /* AppDelegate.swift */ = {isa = PBXFileReference; lastKnownFileType = sourcecode.swift; path = AppDelegate.swift; sourceTree = "<group>"; };
		DEDB2497218DF71C00F07F42 /* ViewController.swift */ = {isa = PBXFileReference; lastKnownFileType = sourcecode.swift; path = ViewController.swift; sourceTree = "<group>"; };
		DEDB249A218DF71C00F07F42 /* Base */ = {isa = PBXFileReference; lastKnownFileType = file.storyboard; name = Base; path = Base.lproj/Main.storyboard; sourceTree = "<group>"; };
		DEDB249C218DF71D00F07F42 /* Assets.xcassets */ = {isa = PBXFileReference; lastKnownFileType = folder.assetcatalog; path = Assets.xcassets; sourceTree = "<group>"; };
		DEDB249F218DF71D00F07F42 /* Base */ = {isa = PBXFileReference; lastKnownFileType = file.storyboard; name = Base; path = Base.lproj/LaunchScreen.storyboard; sourceTree = "<group>"; };
		DEDB24A1218DF71D00F07F42 /* Info.plist */ = {isa = PBXFileReference; lastKnownFileType = text.plist.xml; path = Info.plist; sourceTree = "<group>"; };
		DEDF9286224882D80075295F /* bip39words_zh.txt */ = {isa = PBXFileReference; fileEncoding = 4; lastKnownFileType = text; path = bip39words_zh.txt; sourceTree = "<group>"; };
/* End PBXFileReference section */

/* Begin PBXFrameworksBuildPhase section */
		DED5255A218DF4C800619F59 /* Frameworks */ = {
			isa = PBXFrameworksBuildPhase;
			buildActionMask = 2147483647;
			files = (
				DE9BBB7F223B4F92003D77CE /* libz.tbd in Frameworks */,
				DE33102C22409A03009C412D /* libsqlite3.tbd in Frameworks */,
				DE38CF6821F5BD1700639F6B /* Elastos.SDK.Wallet.C.framework in Frameworks */,
			);
			runOnlyForDeploymentPostprocessing = 0;
		};
		DEDB2490218DF71C00F07F42 /* Frameworks */ = {
			isa = PBXFrameworksBuildPhase;
			buildActionMask = 2147483647;
			files = (
				DE52CF0621915A9C002C2177 /* ElastosSdkWallet.framework in Frameworks */,
			);
			runOnlyForDeploymentPostprocessing = 0;
		};
/* End PBXFrameworksBuildPhase section */

/* Begin PBXGroup section */
		4B1B99E7223DD77100E553F5 /* Data */ = {
			isa = PBXGroup;
			children = (
			);
			path = Data;
			sourceTree = "<group>";
		};
		DED323E021D5E8C200A24E15 /* AbstractLayer */ = {
			isa = PBXGroup;
			children = (
				DED323E121D5E8D000A24E15 /* AbstractLayer.cpp */,
				DED323E221D5E8D000A24E15 /* AbstractLayer.hpp */,
				DED323E521D5E94300A24E15 /* AbstractLayer.swift */,
				DE34BF3F2246121300C7B7AE /* AbsLayerTransaction.cpp */,
				DE34BF402246121300C7B7AE /* AbsLayerTransaction.hpp */,
				DE34BF3D2246120700C7B7AE /* AbsLayerTransaction.swift */,
				DE34BF1D2245D02100C7B7AE /* AbsLayerBlockChainNode.cpp */,
				DE34BF1E2245D02100C7B7AE /* AbsLayerBlockChainNode.hpp */,
				DE34BF212245D5D100C7B7AE /* AbsLayerBlockChainNode.swift */,
				DE34BF2F2245E0B100C7B7AE /* AbsLayerIdentity.cpp */,
				DE34BF302245E0B100C7B7AE /* AbsLayerIdentity.hpp */,
				DE34BF2D2245E0A500C7B7AE /* AbsLayerIdentity.swift */,
				DE34BF272245DFD500C7B7AE /* AbsLayerIdentityManager.cpp */,
				DE34BF282245DFD500C7B7AE /* AbsLayerIdentityManager.hpp */,
				DE34BF252245DFC600C7B7AE /* AbsLayerIdentityManager.swift */,
				DE34BF352245F75500C7B7AE /* AbsLayerHDWallet.cpp */,
				DE34BF362245F75500C7B7AE /* AbsLayerHDWallet.hpp */,
				DE34BF332245F74200C7B7AE /* AbsLayerHDWallet.swift */,
				DE34BF4522461AA200C7B7AE /* AbsLayerDid.cpp */,
				DE34BF4622461AA200C7B7AE /* AbsLayerDid.hpp */,
				DE34BF4922461AAF00C7B7AE /* AbsLayerDid.swift */,
				DE34BF4D22461FE300C7B7AE /* AbsLayerDidManager.cpp */,
				DE34BF4E22461FE300C7B7AE /* AbsLayerDidManager.hpp */,
				DE34BF5122461FF000C7B7AE /* AbsLayerDidManager.swift */,
			);
			path = AbstractLayer;
			sourceTree = "<group>";
		};
		DED52553218DF4C800619F59 = {
			isa = PBXGroup;
			children = (
				DED5255F218DF4C800619F59 /* lib */,
				DEDB2494218DF71C00F07F42 /* test */,
				DED5255E218DF4C800619F59 /* Products */,
				DEDB248A218DF66900F07F42 /* Frameworks */,
			);
			sourceTree = "<group>";
		};
		DED5255E218DF4C800619F59 /* Products */ = {
			isa = PBXGroup;
			children = (
				DED5255D218DF4C800619F59 /* ElastosSdkWallet.framework */,
				DEDB2493218DF71C00F07F42 /* test.app */,
			);
			name = Products;
			sourceTree = "<group>";
		};
		DED5255F218DF4C800619F59 /* lib */ = {
			isa = PBXGroup;
			children = (
				DEDF9281224881C70075295F /* Resources */,
				DED323E021D5E8C200A24E15 /* AbstractLayer */,
				DEDB2484218DF5F200F07F42 /* Elastos.SDK.Wallet-Bridging-Header.h */,
				DEDB2486218DF5F200F07F42 /* ElastosWallet.swift */,
				DEDB2485218DF5F200F07F42 /* StringExtension.swift */,
				DED52560218DF4C800619F59 /* Elastos.SDK.Wallet.h */,
				DED52561218DF4C800619F59 /* Info.plist */,
				DE34BF172245CADC00C7B7AE /* WalletBase.swift */,
				DE34BF192245CC5200C7B7AE /* BlockChainNode.swift */,
				DE34BF2B2245E08800C7B7AE /* Identity.swift */,
				DE34BF232245DFB700C7B7AE /* IdentityManager.swift */,
				DE34BF392245F77400C7B7AE /* HDWallet.swift */,
				DE34BF3B224611F800C7B7AE /* Transaction.swift */,
				DE34BF4322461A5200C7B7AE /* Did.swift */,
				DE34BF4B22461FD000C7B7AE /* DidManager.swift */,
			);
			path = lib;
			sourceTree = "<group>";
		};
		DEDB248A218DF66900F07F42 /* Frameworks */ = {
			isa = PBXGroup;
			children = (
				DE33102B22409A03009C412D /* libsqlite3.tbd */,
				DE9BBB7E223B4F92003D77CE /* libz.tbd */,
				DE38CF6721F5BD1700639F6B /* Elastos.SDK.Wallet.C.framework */,
			);
			name = Frameworks;
			sourceTree = "<group>";
		};
		DEDB2494218DF71C00F07F42 /* test */ = {
			isa = PBXGroup;
			children = (
				4B1B99E7223DD77100E553F5 /* Data */,
				DEDB2495218DF71C00F07F42 /* AppDelegate.swift */,
				DEDB2497218DF71C00F07F42 /* ViewController.swift */,
				DEDB2499218DF71C00F07F42 /* Main.storyboard */,
				DEDB249C218DF71D00F07F42 /* Assets.xcassets */,
				DEDB249E218DF71D00F07F42 /* LaunchScreen.storyboard */,
				DEDB24A1218DF71D00F07F42 /* Info.plist */,
			);
			path = test;
			sourceTree = "<group>";
		};
		DEDF9281224881C70075295F /* Resources */ = {
			isa = PBXGroup;
			children = (
				DEDF92882248857B0075295F /* bip39words */,
			);
			path = Resources;
			sourceTree = "<group>";
		};
		DEDF92882248857B0075295F /* bip39words */ = {
			isa = PBXGroup;
			children = (
				DEDF9286224882D80075295F /* bip39words_zh.txt */,
			);
			path = bip39words;
			sourceTree = "<group>";
		};
/* End PBXGroup section */

/* Begin PBXHeadersBuildPhase section */
		DED52558218DF4C800619F59 /* Headers */ = {
			isa = PBXHeadersBuildPhase;
			buildActionMask = 2147483647;
			files = (
				DE34BF202245D02100C7B7AE /* AbsLayerBlockChainNode.hpp in Headers */,
				DE34BF5022461FE300C7B7AE /* AbsLayerDidManager.hpp in Headers */,
				DE34BF382245F75500C7B7AE /* AbsLayerHDWallet.hpp in Headers */,
				DED52562218DF4C800619F59 /* Elastos.SDK.Wallet.h in Headers */,
				DE34BF4822461AA200C7B7AE /* AbsLayerDid.hpp in Headers */,
				DE34BF2A2245DFD500C7B7AE /* AbsLayerIdentityManager.hpp in Headers */,
				DE34BF322245E0B100C7B7AE /* AbsLayerIdentity.hpp in Headers */,
				DED323E421D5E8D000A24E15 /* AbstractLayer.hpp in Headers */,
				DE34BF422246121300C7B7AE /* AbsLayerTransaction.hpp in Headers */,
				DE3300EE218E780400B22FCB /* ElastosWallet.swift in Headers */,
			);
			runOnlyForDeploymentPostprocessing = 0;
		};
/* End PBXHeadersBuildPhase section */

/* Begin PBXNativeTarget section */
		DED5255C218DF4C800619F59 /* lib */ = {
			isa = PBXNativeTarget;
			buildConfigurationList = DED52565218DF4C800619F59 /* Build configuration list for PBXNativeTarget "lib" */;
			buildPhases = (
				DE5982ED21D37E8F00998AEF /* Run Script */,
				DED52558218DF4C800619F59 /* Headers */,
				DED52559218DF4C800619F59 /* Sources */,
				DED5255A218DF4C800619F59 /* Frameworks */,
				DED5255B218DF4C800619F59 /* Resources */,
			);
			buildRules = (
			);
			dependencies = (
			);
			name = lib;
			productName = Elastos.ORG.Wallet.Lib;
			productReference = DED5255D218DF4C800619F59 /* ElastosSdkWallet.framework */;
			productType = "com.apple.product-type.framework";
		};
		DEDB2492218DF71C00F07F42 /* test */ = {
			isa = PBXNativeTarget;
			buildConfigurationList = DEDB24A2218DF71D00F07F42 /* Build configuration list for PBXNativeTarget "test" */;
			buildPhases = (
				DEDB248F218DF71C00F07F42 /* Sources */,
				DEDB2490218DF71C00F07F42 /* Frameworks */,
				DEDB2491218DF71C00F07F42 /* Resources */,
				DE52CF0A21915A9C002C2177 /* Embed Frameworks */,
			);
			buildRules = (
			);
			dependencies = (
				DE52CF0921915A9C002C2177 /* PBXTargetDependency */,
			);
			name = test;
			productName = test;
			productReference = DEDB2493218DF71C00F07F42 /* test.app */;
			productType = "com.apple.product-type.application";
		};
/* End PBXNativeTarget section */

/* Begin PBXProject section */
		DED52554218DF4C800619F59 /* Project object */ = {
			isa = PBXProject;
			attributes = {
				LastSwiftUpdateCheck = 1010;
				LastUpgradeCheck = 1010;
				ORGANIZATIONNAME = Elastos;
				TargetAttributes = {
					DED5255C218DF4C800619F59 = {
						CreatedOnToolsVersion = 10.1;
						LastSwiftMigration = 1010;
					};
					DEDB2492218DF71C00F07F42 = {
						CreatedOnToolsVersion = 10.1;
					};
				};
			};
			buildConfigurationList = DED52557218DF4C800619F59 /* Build configuration list for PBXProject "Elastos.SDK.Wallet.Wrapper.iOS" */;
			compatibilityVersion = "Xcode 9.3";
			developmentRegion = en;
			hasScannedForEncodings = 0;
			knownRegions = (
				en,
				Base,
			);
			mainGroup = DED52553218DF4C800619F59;
			productRefGroup = DED5255E218DF4C800619F59 /* Products */;
			projectDirPath = "";
			projectRoot = "";
			targets = (
				DED5255C218DF4C800619F59 /* lib */,
				DEDB2492218DF71C00F07F42 /* test */,
			);
		};
/* End PBXProject section */

/* Begin PBXResourcesBuildPhase section */
		DED5255B218DF4C800619F59 /* Resources */ = {
			isa = PBXResourcesBuildPhase;
			buildActionMask = 2147483647;
			files = (
				DEDF9287224882D80075295F /* bip39words_zh.txt in Resources */,
			);
			runOnlyForDeploymentPostprocessing = 0;
		};
		DEDB2491218DF71C00F07F42 /* Resources */ = {
			isa = PBXResourcesBuildPhase;
			buildActionMask = 2147483647;
			files = (
				DEDB24A0218DF71D00F07F42 /* LaunchScreen.storyboard in Resources */,
				DEDB249D218DF71D00F07F42 /* Assets.xcassets in Resources */,
				DEDB249B218DF71C00F07F42 /* Main.storyboard in Resources */,
			);
			runOnlyForDeploymentPostprocessing = 0;
		};
/* End PBXResourcesBuildPhase section */

/* Begin PBXShellScriptBuildPhase section */
		DE5982ED21D37E8F00998AEF /* Run Script */ = {
			isa = PBXShellScriptBuildPhase;
			buildActionMask = 2147483647;
			files = (
			);
			inputFileListPaths = (
			);
			inputPaths = (
			);
			name = "Run Script";
			outputFileListPaths = (
			);
			outputPaths = (
			);
			runOnlyForDeploymentPostprocessing = 0;
			shellPath = /bin/sh;
			shellScript = "echo \"Building depends libraries...\";\n./scripts/build-depends.sh;\n";
			showEnvVarsInLog = 0;
		};
/* End PBXShellScriptBuildPhase section */

/* Begin PBXSourcesBuildPhase section */
		DED52559218DF4C800619F59 /* Sources */ = {
			isa = PBXSourcesBuildPhase;
			buildActionMask = 2147483647;
			files = (
				DE34BF1F2245D02100C7B7AE /* AbsLayerBlockChainNode.cpp in Sources */,
				DEDB2489218DF5F300F07F42 /* ElastosWallet.swift in Sources */,
				DE34BF4A22461AAF00C7B7AE /* AbsLayerDid.swift in Sources */,
				DE34BF342245F74200C7B7AE /* AbsLayerHDWallet.swift in Sources */,
				DE34BF5222461FF000C7B7AE /* AbsLayerDidManager.swift in Sources */,
				DE34BF262245DFC600C7B7AE /* AbsLayerIdentityManager.swift in Sources */,
				DE34BF2E2245E0A500C7B7AE /* AbsLayerIdentity.swift in Sources */,
				DED323E321D5E8D000A24E15 /* AbstractLayer.cpp in Sources */,
				DEDB2488218DF5F300F07F42 /* StringExtension.swift in Sources */,
				DE34BF3A2245F77400C7B7AE /* HDWallet.swift in Sources */,
				DE34BF3C224611F800C7B7AE /* Transaction.swift in Sources */,
				DE34BF1A2245CC5200C7B7AE /* BlockChainNode.swift in Sources */,
				DED323E621D5E94300A24E15 /* AbstractLayer.swift in Sources */,
				DE34BF4422461A5200C7B7AE /* Did.swift in Sources */,
				DE34BF312245E0B100C7B7AE /* AbsLayerIdentity.cpp in Sources */,
				DE34BF2C2245E08800C7B7AE /* Identity.swift in Sources */,
				DE34BF412246121300C7B7AE /* AbsLayerTransaction.cpp in Sources */,
				DE34BF292245DFD500C7B7AE /* AbsLayerIdentityManager.cpp in Sources */,
				DE34BF242245DFB700C7B7AE /* IdentityManager.swift in Sources */,
				DE34BF372245F75500C7B7AE /* AbsLayerHDWallet.cpp in Sources */,
				DE34BF222245D5D100C7B7AE /* AbsLayerBlockChainNode.swift in Sources */,
				DE34BF182245CADC00C7B7AE /* WalletBase.swift in Sources */,
				DE34BF4F22461FE300C7B7AE /* AbsLayerDidManager.cpp in Sources */,
				DE34BF3E2246120700C7B7AE /* AbsLayerTransaction.swift in Sources */,
				DE34BF4722461AA200C7B7AE /* AbsLayerDid.cpp in Sources */,
				DE34BF4C22461FD000C7B7AE /* DidManager.swift in Sources */,
			);
			runOnlyForDeploymentPostprocessing = 0;
		};
		DEDB248F218DF71C00F07F42 /* Sources */ = {
			isa = PBXSourcesBuildPhase;
			buildActionMask = 2147483647;
			files = (
				DEDB2498218DF71C00F07F42 /* ViewController.swift in Sources */,
				DEDB2496218DF71C00F07F42 /* AppDelegate.swift in Sources */,
			);
			runOnlyForDeploymentPostprocessing = 0;
		};
/* End PBXSourcesBuildPhase section */

/* Begin PBXTargetDependency section */
		DE52CF0921915A9C002C2177 /* PBXTargetDependency */ = {
			isa = PBXTargetDependency;
			target = DED5255C218DF4C800619F59 /* lib */;
			targetProxy = DE52CF0821915A9C002C2177 /* PBXContainerItemProxy */;
		};
/* End PBXTargetDependency section */

/* Begin PBXVariantGroup section */
		DEDB2499218DF71C00F07F42 /* Main.storyboard */ = {
			isa = PBXVariantGroup;
			children = (
				DEDB249A218DF71C00F07F42 /* Base */,
			);
			name = Main.storyboard;
			sourceTree = "<group>";
		};
		DEDB249E218DF71D00F07F42 /* LaunchScreen.storyboard */ = {
			isa = PBXVariantGroup;
			children = (
				DEDB249F218DF71D00F07F42 /* Base */,
			);
			name = LaunchScreen.storyboard;
			sourceTree = "<group>";
		};
/* End PBXVariantGroup section */

/* Begin XCBuildConfiguration section */
		DED52563218DF4C800619F59 /* Debug */ = {
			isa = XCBuildConfiguration;
			buildSettings = {
				ALWAYS_SEARCH_USER_PATHS = NO;
				CLANG_ANALYZER_NONNULL = YES;
				CLANG_ANALYZER_NUMBER_OBJECT_CONVERSION = YES_AGGRESSIVE;
				CLANG_CXX_LANGUAGE_STANDARD = "c++17";
				CLANG_CXX_LIBRARY = "libc++";
				CLANG_ENABLE_MODULES = YES;
				CLANG_ENABLE_OBJC_ARC = YES;
				CLANG_ENABLE_OBJC_WEAK = YES;
				CLANG_WARN_BLOCK_CAPTURE_AUTORELEASING = YES;
				CLANG_WARN_BOOL_CONVERSION = YES;
				CLANG_WARN_COMMA = YES;
				CLANG_WARN_CONSTANT_CONVERSION = YES;
				CLANG_WARN_DEPRECATED_OBJC_IMPLEMENTATIONS = YES;
				CLANG_WARN_DIRECT_OBJC_ISA_USAGE = YES_ERROR;
				CLANG_WARN_DOCUMENTATION_COMMENTS = YES;
				CLANG_WARN_EMPTY_BODY = YES;
				CLANG_WARN_ENUM_CONVERSION = YES;
				CLANG_WARN_INFINITE_RECURSION = YES;
				CLANG_WARN_INT_CONVERSION = YES;
				CLANG_WARN_NON_LITERAL_NULL_CONVERSION = YES;
				CLANG_WARN_OBJC_IMPLICIT_RETAIN_SELF = YES;
				CLANG_WARN_OBJC_LITERAL_CONVERSION = YES;
				CLANG_WARN_OBJC_ROOT_CLASS = YES_ERROR;
				CLANG_WARN_RANGE_LOOP_ANALYSIS = YES;
				CLANG_WARN_STRICT_PROTOTYPES = YES;
				CLANG_WARN_SUSPICIOUS_MOVE = YES;
				CLANG_WARN_UNGUARDED_AVAILABILITY = YES_AGGRESSIVE;
				CLANG_WARN_UNREACHABLE_CODE = YES;
				CLANG_WARN__DUPLICATE_METHOD_MATCH = YES;
				CODE_SIGN_IDENTITY = "iPhone Developer";
				COPY_PHASE_STRIP = NO;
				CURRENT_PROJECT_VERSION = 1;
				DEBUG_INFORMATION_FORMAT = dwarf;
				ENABLE_STRICT_OBJC_MSGSEND = YES;
				ENABLE_TESTABILITY = YES;
				GCC_C_LANGUAGE_STANDARD = gnu11;
				GCC_DYNAMIC_NO_PIC = NO;
				GCC_NO_COMMON_BLOCKS = YES;
				GCC_OPTIMIZATION_LEVEL = 0;
				GCC_PREPROCESSOR_DEFINITIONS = (
					"DEBUG=1",
					"$(inherited)",
				);
				GCC_WARN_64_TO_32_BIT_CONVERSION = YES;
				GCC_WARN_ABOUT_RETURN_TYPE = YES_ERROR;
				GCC_WARN_UNDECLARED_SELECTOR = YES;
				GCC_WARN_UNINITIALIZED_AUTOS = YES_AGGRESSIVE;
				GCC_WARN_UNUSED_FUNCTION = YES;
				GCC_WARN_UNUSED_VARIABLE = YES;
				HEADER_SEARCH_PATHS = "frameworks/Elastos.SDK.Wallet.C.framework/Headers/**";
				IPHONEOS_DEPLOYMENT_TARGET = 12.1;
				MTL_ENABLE_DEBUG_INFO = INCLUDE_SOURCE;
				MTL_FAST_MATH = YES;
				ONLY_ACTIVE_ARCH = YES;
				SDKROOT = iphoneos;
				SWIFT_ACTIVE_COMPILATION_CONDITIONS = DEBUG;
				SWIFT_OPTIMIZATION_LEVEL = "-Onone";
				VERSIONING_SYSTEM = "apple-generic";
				VERSION_INFO_PREFIX = "";
			};
			name = Debug;
		};
		DED52564218DF4C800619F59 /* Release */ = {
			isa = XCBuildConfiguration;
			buildSettings = {
				ALWAYS_SEARCH_USER_PATHS = NO;
				CLANG_ANALYZER_NONNULL = YES;
				CLANG_ANALYZER_NUMBER_OBJECT_CONVERSION = YES_AGGRESSIVE;
				CLANG_CXX_LANGUAGE_STANDARD = "c++17";
				CLANG_CXX_LIBRARY = "libc++";
				CLANG_ENABLE_MODULES = YES;
				CLANG_ENABLE_OBJC_ARC = YES;
				CLANG_ENABLE_OBJC_WEAK = YES;
				CLANG_WARN_BLOCK_CAPTURE_AUTORELEASING = YES;
				CLANG_WARN_BOOL_CONVERSION = YES;
				CLANG_WARN_COMMA = YES;
				CLANG_WARN_CONSTANT_CONVERSION = YES;
				CLANG_WARN_DEPRECATED_OBJC_IMPLEMENTATIONS = YES;
				CLANG_WARN_DIRECT_OBJC_ISA_USAGE = YES_ERROR;
				CLANG_WARN_DOCUMENTATION_COMMENTS = YES;
				CLANG_WARN_EMPTY_BODY = YES;
				CLANG_WARN_ENUM_CONVERSION = YES;
				CLANG_WARN_INFINITE_RECURSION = YES;
				CLANG_WARN_INT_CONVERSION = YES;
				CLANG_WARN_NON_LITERAL_NULL_CONVERSION = YES;
				CLANG_WARN_OBJC_IMPLICIT_RETAIN_SELF = YES;
				CLANG_WARN_OBJC_LITERAL_CONVERSION = YES;
				CLANG_WARN_OBJC_ROOT_CLASS = YES_ERROR;
				CLANG_WARN_RANGE_LOOP_ANALYSIS = YES;
				CLANG_WARN_STRICT_PROTOTYPES = YES;
				CLANG_WARN_SUSPICIOUS_MOVE = YES;
				CLANG_WARN_UNGUARDED_AVAILABILITY = YES_AGGRESSIVE;
				CLANG_WARN_UNREACHABLE_CODE = YES;
				CLANG_WARN__DUPLICATE_METHOD_MATCH = YES;
				CODE_SIGN_IDENTITY = "iPhone Developer";
				COPY_PHASE_STRIP = NO;
				CURRENT_PROJECT_VERSION = 1;
				DEBUG_INFORMATION_FORMAT = "dwarf-with-dsym";
				ENABLE_NS_ASSERTIONS = NO;
				ENABLE_STRICT_OBJC_MSGSEND = YES;
				GCC_C_LANGUAGE_STANDARD = gnu11;
				GCC_NO_COMMON_BLOCKS = YES;
				GCC_WARN_64_TO_32_BIT_CONVERSION = YES;
				GCC_WARN_ABOUT_RETURN_TYPE = YES_ERROR;
				GCC_WARN_UNDECLARED_SELECTOR = YES;
				GCC_WARN_UNINITIALIZED_AUTOS = YES_AGGRESSIVE;
				GCC_WARN_UNUSED_FUNCTION = YES;
				GCC_WARN_UNUSED_VARIABLE = YES;
				HEADER_SEARCH_PATHS = "frameworks/Elastos.SDK.Wallet.C.framework/Headers/**";
				IPHONEOS_DEPLOYMENT_TARGET = 12.1;
				MTL_ENABLE_DEBUG_INFO = NO;
				MTL_FAST_MATH = YES;
				SDKROOT = iphoneos;
				SWIFT_COMPILATION_MODE = wholemodule;
				SWIFT_OPTIMIZATION_LEVEL = "-O";
				VALIDATE_PRODUCT = YES;
				VERSIONING_SYSTEM = "apple-generic";
				VERSION_INFO_PREFIX = "";
			};
			name = Release;
		};
		DED52566218DF4C800619F59 /* Debug */ = {
			isa = XCBuildConfiguration;
			buildSettings = {
				CLANG_ENABLE_MODULES = YES;
				CODE_SIGN_IDENTITY = "";
				CODE_SIGN_STYLE = Automatic;
				CURRENT_PROJECT_VERSIONNAME = 0.0.9999;
				DEFINES_MODULE = YES;
				DEVELOPMENT_TEAM = LFU7T9UYL5;
				DYLIB_COMPATIBILITY_VERSION = 1;
				DYLIB_CURRENT_VERSION = 1;
				DYLIB_INSTALL_NAME_BASE = "@rpath";
				ENABLE_BITCODE = NO;
				FRAMEWORK_SEARCH_PATHS = (
					"$(inherited)",
					"$(PROJECT_DIR)/frameworks",
					"$(PROJECT_DIR)/build/Release-iphoneos",
				);
				INFOPLIST_FILE = lib/Info.plist;
				INSTALL_PATH = "$(LOCAL_LIBRARY_DIR)/Frameworks";
				IPHONEOS_DEPLOYMENT_TARGET = 8.0;
				LD_RUNPATH_SEARCH_PATHS = (
					"$(inherited)",
					"@executable_path/Frameworks",
					"@loader_path/Frameworks",
				);
				OTHER_LDFLAGS = "-lstdc++";
				PRIVATE_HEADERS_FOLDER_PATH = "";
				PRODUCT_BUNDLE_IDENTIFIER = org.elastos.sdk.wallet;
				PRODUCT_NAME = ElastosSdkWallet;
				SKIP_INSTALL = YES;
				SWIFT_OBJC_BRIDGING_HEADER = "lib/Elastos.SDK.Wallet-Bridging-Header.h";
				SWIFT_OPTIMIZATION_LEVEL = "-Onone";
				SWIFT_VERSION = 4.2;
				TARGETED_DEVICE_FAMILY = "1,2";
				VALID_ARCHS = "arm64 arm64e x86_64";
			};
			name = Debug;
		};
		DED52567218DF4C800619F59 /* Release */ = {
			isa = XCBuildConfiguration;
			buildSettings = {
				CLANG_ENABLE_MODULES = YES;
				CODE_SIGN_IDENTITY = "";
				CODE_SIGN_STYLE = Automatic;
				CURRENT_PROJECT_VERSIONNAME = 0.0.9999;
				DEFINES_MODULE = YES;
				DEVELOPMENT_TEAM = LFU7T9UYL5;
				DYLIB_COMPATIBILITY_VERSION = 1;
				DYLIB_CURRENT_VERSION = 1;
				DYLIB_INSTALL_NAME_BASE = "@rpath";
				ENABLE_BITCODE = NO;
				FRAMEWORK_SEARCH_PATHS = (
					"$(inherited)",
					"$(PROJECT_DIR)/frameworks",
					"$(PROJECT_DIR)/build/Release-iphoneos",
				);
				INFOPLIST_FILE = lib/Info.plist;
				INSTALL_PATH = "$(LOCAL_LIBRARY_DIR)/Frameworks";
				IPHONEOS_DEPLOYMENT_TARGET = 8.0;
				LD_RUNPATH_SEARCH_PATHS = (
					"$(inherited)",
					"@executable_path/Frameworks",
					"@loader_path/Frameworks",
				);
				OTHER_LDFLAGS = "-lstdc++";
				PRIVATE_HEADERS_FOLDER_PATH = "";
				PRODUCT_BUNDLE_IDENTIFIER = org.elastos.sdk.wallet;
				PRODUCT_NAME = ElastosSdkWallet;
				SKIP_INSTALL = YES;
				SWIFT_OBJC_BRIDGING_HEADER = "lib/Elastos.SDK.Wallet-Bridging-Header.h";
				SWIFT_VERSION = 4.2;
				TARGETED_DEVICE_FAMILY = "1,2";
				VALID_ARCHS = "arm64 arm64e x86_64";
			};
			name = Release;
		};
		DEDB24A3218DF71D00F07F42 /* Debug */ = {
			isa = XCBuildConfiguration;
			buildSettings = {
				ALWAYS_EMBED_SWIFT_STANDARD_LIBRARIES = YES;
				ASSETCATALOG_COMPILER_APPICON_NAME = AppIcon;
				CODE_SIGN_STYLE = Automatic;
				DEVELOPMENT_TEAM = LFU7T9UYL5;
				ENABLE_BITCODE = NO;
				FRAMEWORK_SEARCH_PATHS = (
					"$(inherited)",
					"$(PROJECT_DIR)/build/Release-iphoneos",
				);
				INFOPLIST_FILE = test/Info.plist;
				IPHONEOS_DEPLOYMENT_TARGET = 9.0;
				LD_RUNPATH_SEARCH_PATHS = (
					"$(inherited)",
					"@executable_path/Frameworks",
				);
				PRODUCT_BUNDLE_IDENTIFIER = org.elastos.test;
				PRODUCT_NAME = "$(TARGET_NAME)";
				SWIFT_VERSION = 4.2;
				TARGETED_DEVICE_FAMILY = "1,2";
			};
			name = Debug;
		};
		DEDB24A4218DF71D00F07F42 /* Release */ = {
			isa = XCBuildConfiguration;
			buildSettings = {
				ALWAYS_EMBED_SWIFT_STANDARD_LIBRARIES = YES;
				ASSETCATALOG_COMPILER_APPICON_NAME = AppIcon;
				CODE_SIGN_STYLE = Automatic;
				DEVELOPMENT_TEAM = LFU7T9UYL5;
				ENABLE_BITCODE = NO;
				FRAMEWORK_SEARCH_PATHS = (
					"$(inherited)",
					"$(PROJECT_DIR)/build/Release-iphoneos",
				);
				INFOPLIST_FILE = test/Info.plist;
				IPHONEOS_DEPLOYMENT_TARGET = 9.0;
				LD_RUNPATH_SEARCH_PATHS = (
					"$(inherited)",
					"@executable_path/Frameworks",
				);
				PRODUCT_BUNDLE_IDENTIFIER = org.elastos.test;
				PRODUCT_NAME = "$(TARGET_NAME)";
				SWIFT_VERSION = 4.2;
				TARGETED_DEVICE_FAMILY = "1,2";
			};
			name = Release;
		};
/* End XCBuildConfiguration section */

/* Begin XCConfigurationList section */
		DED52557218DF4C800619F59 /* Build configuration list for PBXProject "Elastos.SDK.Wallet.Wrapper.iOS" */ = {
			isa = XCConfigurationList;
			buildConfigurations = (
				DED52563218DF4C800619F59 /* Debug */,
				DED52564218DF4C800619F59 /* Release */,
			);
			defaultConfigurationIsVisible = 0;
			defaultConfigurationName = Release;
		};
		DED52565218DF4C800619F59 /* Build configuration list for PBXNativeTarget "lib" */ = {
			isa = XCConfigurationList;
			buildConfigurations = (
				DED52566218DF4C800619F59 /* Debug */,
				DED52567218DF4C800619F59 /* Release */,
			);
			defaultConfigurationIsVisible = 0;
			defaultConfigurationName = Release;
		};
		DEDB24A2218DF71D00F07F42 /* Build configuration list for PBXNativeTarget "test" */ = {
			isa = XCConfigurationList;
			buildConfigurations = (
				DEDB24A3218DF71D00F07F42 /* Debug */,
				DEDB24A4218DF71D00F07F42 /* Release */,
			);
			defaultConfigurationIsVisible = 0;
			defaultConfigurationName = Release;
		};
/* End XCConfigurationList section */
	};
	rootObject = DED52554218DF4C800619F59 /* Project object */;
}
